
Microsoft Visual Studio Solution File, Format Version 12.00
# Visual Studio Version 17
VisualStudioVersion = 17.2.32526.322
MinimumVisualStudioVersion = 10.0.40219.1
Project("{9A19103F-16F7-4668-BE54-9A1E7A4F7556}") = "MedicalRepresentativeScheduler", "MedicalRepresentativeScheduler.csproj", "{10193DAE-A23D-4CE2-857E-583A77AD71B4}"
EndProject
Global
	GlobalSection(SolutionConfigurationPlatforms) = preSolution
		Debug|Any CPU = Debug|Any CPU
		Release|Any CPU = Release|Any CPU
	EndGlobalSection
	GlobalSection(ProjectConfigurationPlatforms) = postSolution
		{10193DAE-A23D-4CE2-857E-583A77AD71B4}.Debug|Any CPU.ActiveCfg = Debug|Any CPU
		{10193DAE-A23D-4CE2-857E-583A77AD71B4}.Debug|Any CPU.Build.0 = Debug|Any CPU
		{10193DAE-A23D-4CE2-857E-583A77AD71B4}.Release|Any CPU.ActiveCfg = Release|Any CPU
		{10193DAE-A23D-4CE2-857E-583A77AD71B4}.Release|Any CPU.Build.0 = Release|Any CPU
	EndGlobalSection
	GlobalSection(SolutionProperties) = preSolution
		HideSolutionNode = FALSE
	EndGlobalSection
	GlobalSection(ExtensibilityGlobals) = postSolution
		SolutionGuid = {86DDA50A-2D54-46D7-A1BB-ADFF4D38DF75}
	EndGlobalSection
EndGlobal
